
Microsoft Visual Studio Solution File, Format Version 12.00
# Visual Studio Version 17
VisualStudioVersion = 17.7.34221.43
MinimumVisualStudioVersion = 10.0.40219.1
Project("{FAE04EC0-301F-11D3-BF4B-00C04F79EFBC}") = "AtividadePratica_01_Q02", "AtividadePratica_01_Q02\AtividadePratica_01_Q02.csproj", "{27BD5555-D88E-4E44-9791-939F0CFB7F2D}"
EndProject
Global
	GlobalSection(SolutionConfigurationPlatforms) = preSolution
		Debug|Any CPU = Debug|Any CPU
		Release|Any CPU = Release|Any CPU
	EndGlobalSection
	GlobalSection(ProjectConfigurationPlatforms) = postSolution
		{27BD5555-D88E-4E44-9791-939F0CFB7F2D}.Debug|Any CPU.ActiveCfg = Debug|Any CPU
		{27BD5555-D88E-4E44-9791-939F0CFB7F2D}.Debug|Any CPU.Build.0 = Debug|Any CPU
		{27BD5555-D88E-4E44-9791-939F0CFB7F2D}.Release|Any CPU.ActiveCfg = Release|Any CPU
		{27BD5555-D88E-4E44-9791-939F0CFB7F2D}.Release|Any CPU.Build.0 = Release|Any CPU
	EndGlobalSection
	GlobalSection(SolutionProperties) = preSolution
		HideSolutionNode = FALSE
	EndGlobalSection
	GlobalSection(ExtensibilityGlobals) = postSolution
		SolutionGuid = {39714AC4-ECD7-4B1C-B9C0-CB8A953401AC}
	EndGlobalSection
EndGlobal
